
Microsoft Visual Studio Solution File, Format Version 12.00
# Visual Studio Version 16
VisualStudioVersion = 16.0.36631.11
MinimumVisualStudioVersion = 10.0.40219.1
Project("{FAE04EC0-301F-11D3-BF4B-00C04F79EFBC}") = "ExamClock", "ExamClock\ExamClock.csproj", "{C1090037-0C40-4F19-9181-EEC5342BD978}"
EndProject
Project("{FAE04EC0-301F-11D3-BF4B-00C04F79EFBC}") = "SpfTests", "SpfTests\SpfTests.csproj", "{D354C748-741D-4E01-BB19-0A566FE06E13}"
EndProject
Project("{FAE04EC0-301F-11D3-BF4B-00C04F79EFBC}") = "Spf", "Spf\Spf.csproj", "{29F6436E-39CA-45BA-AD95-ED307F29230E}"
EndProject
Project("{FAE04EC0-301F-11D3-BF4B-00C04F79EFBC}") = "TimeSyncTests", "TimeSyncTests\TimeSyncTests.csproj", "{2F7FFA4C-EC29-4269-8473-8F82A5BBAAB7}"
EndProject
Project("{FAE04EC0-301F-11D3-BF4B-00C04F79EFBC}") = "TimeSync", "TimeSync\TimeSync.csproj", "{16857237-8DE1-4C38-B784-A2107CB839E2}"
EndProject
Project("{FAE04EC0-301F-11D3-BF4B-00C04F79EFBC}") = "ECGP", "ECGP\ECGP.csproj", "{167B8576-2FC2-4C97-84DA-C654563E5ABA}"
EndProject
Project("{FAE04EC0-301F-11D3-BF4B-00C04F79EFBC}") = "ExamClock.Admin", "ExamClock.Admin\ExamClock.Admin.csproj", "{DCAD9308-789F-4DAE-81F2-961624ADE44D}"
EndProject
Project("{FAE04EC0-301F-11D3-BF4B-00C04F79EFBC}") = "ExamClock.Core", "ExamClock.Core\ExamClock.Core.csproj", "{D26F3314-924B-4A4C-8289-821C18EC301F}"
EndProject
Project("{FAE04EC0-301F-11D3-BF4B-00C04F79EFBC}") = "ExamClockInstaller", "ExamClockInstaller\ExamClockInstaller.csproj", "{D14C1890-FC4C-43BD-AD85-FE1C3D10C395}"
EndProject
Project("{FAE04EC0-301F-11D3-BF4B-00C04F79EFBC}") = "ExamClock.Mvvm", "ExamClock.Mvvm\ExamClock.Mvvm.csproj", "{94953504-8F0A-4A6C-BBF6-CD5DC115EA05}"
EndProject
Global
	GlobalSection(SolutionConfigurationPlatforms) = preSolution
		Debug|Any CPU = Debug|Any CPU
		Release|Any CPU = Release|Any CPU
	EndGlobalSection
	GlobalSection(ProjectConfigurationPlatforms) = postSolution
		{C1090037-0C40-4F19-9181-EEC5342BD978}.Debug|Any CPU.ActiveCfg = Debug|Any CPU
		{C1090037-0C40-4F19-9181-EEC5342BD978}.Debug|Any CPU.Build.0 = Debug|Any CPU
		{C1090037-0C40-4F19-9181-EEC5342BD978}.Release|Any CPU.ActiveCfg = Release|Any CPU
		{C1090037-0C40-4F19-9181-EEC5342BD978}.Release|Any CPU.Build.0 = Release|Any CPU
		{D354C748-741D-4E01-BB19-0A566FE06E13}.Debug|Any CPU.ActiveCfg = Debug|Any CPU
		{D354C748-741D-4E01-BB19-0A566FE06E13}.Debug|Any CPU.Build.0 = Debug|Any CPU
		{D354C748-741D-4E01-BB19-0A566FE06E13}.Release|Any CPU.ActiveCfg = Release|Any CPU
		{D354C748-741D-4E01-BB19-0A566FE06E13}.Release|Any CPU.Build.0 = Release|Any CPU
		{29F6436E-39CA-45BA-AD95-ED307F29230E}.Debug|Any CPU.ActiveCfg = Debug|Any CPU
		{29F6436E-39CA-45BA-AD95-ED307F29230E}.Debug|Any CPU.Build.0 = Debug|Any CPU
		{29F6436E-39CA-45BA-AD95-ED307F29230E}.Release|Any CPU.ActiveCfg = Release|Any CPU
		{29F6436E-39CA-45BA-AD95-ED307F29230E}.Release|Any CPU.Build.0 = Release|Any CPU
		{2F7FFA4C-EC29-4269-8473-8F82A5BBAAB7}.Debug|Any CPU.ActiveCfg = Debug|Any CPU
		{2F7FFA4C-EC29-4269-8473-8F82A5BBAAB7}.Debug|Any CPU.Build.0 = Debug|Any CPU
		{2F7FFA4C-EC29-4269-8473-8F82A5BBAAB7}.Release|Any CPU.ActiveCfg = Release|Any CPU
		{2F7FFA4C-EC29-4269-8473-8F82A5BBAAB7}.Release|Any CPU.Build.0 = Release|Any CPU
		{16857237-8DE1-4C38-B784-A2107CB839E2}.Debug|Any CPU.ActiveCfg = Debug|Any CPU
		{16857237-8DE1-4C38-B784-A2107CB839E2}.Debug|Any CPU.Build.0 = Debug|Any CPU
		{16857237-8DE1-4C38-B784-A2107CB839E2}.Release|Any CPU.ActiveCfg = Release|Any CPU
		{16857237-8DE1-4C38-B784-A2107CB839E2}.Release|Any CPU.Build.0 = Release|Any CPU
		{167B8576-2FC2-4C97-84DA-C654563E5ABA}.Debug|Any CPU.ActiveCfg = Debug|Any CPU
		{167B8576-2FC2-4C97-84DA-C654563E5ABA}.Debug|Any CPU.Build.0 = Debug|Any CPU
		{167B8576-2FC2-4C97-84DA-C654563E5ABA}.Release|Any CPU.ActiveCfg = Release|Any CPU
		{167B8576-2FC2-4C97-84DA-C654563E5ABA}.Release|Any CPU.Build.0 = Release|Any CPU
		{DCAD9308-789F-4DAE-81F2-961624ADE44D}.Debug|Any CPU.ActiveCfg = Debug|Any CPU
		{DCAD9308-789F-4DAE-81F2-961624ADE44D}.Debug|Any CPU.Build.0 = Debug|Any CPU
		{DCAD9308-789F-4DAE-81F2-961624ADE44D}.Release|Any CPU.ActiveCfg = Release|Any CPU
		{DCAD9308-789F-4DAE-81F2-961624ADE44D}.Release|Any CPU.Build.0 = Release|Any CPU
		{D26F3314-924B-4A4C-8289-821C18EC301F}.Debug|Any CPU.ActiveCfg = Debug|Any CPU
		{D26F3314-924B-4A4C-8289-821C18EC301F}.Debug|Any CPU.Build.0 = Debug|Any CPU
		{D26F3314-924B-4A4C-8289-821C18EC301F}.Release|Any CPU.ActiveCfg = Release|Any CPU
		{D26F3314-924B-4A4C-8289-821C18EC301F}.Release|Any CPU.Build.0 = Release|Any CPU
		{D14C1890-FC4C-43BD-AD85-FE1C3D10C395}.Debug|Any CPU.ActiveCfg = Debug|Any CPU
		{D14C1890-FC4C-43BD-AD85-FE1C3D10C395}.Debug|Any CPU.Build.0 = Debug|Any CPU
		{D14C1890-FC4C-43BD-AD85-FE1C3D10C395}.Release|Any CPU.ActiveCfg = Release|Any CPU
		{D14C1890-FC4C-43BD-AD85-FE1C3D10C395}.Release|Any CPU.Build.0 = Release|Any CPU
		{94953504-8F0A-4A6C-BBF6-CD5DC115EA05}.Debug|Any CPU.ActiveCfg = Debug|Any CPU
		{94953504-8F0A-4A6C-BBF6-CD5DC115EA05}.Debug|Any CPU.Build.0 = Debug|Any CPU
		{94953504-8F0A-4A6C-BBF6-CD5DC115EA05}.Release|Any CPU.ActiveCfg = Release|Any CPU
		{94953504-8F0A-4A6C-BBF6-CD5DC115EA05}.Release|Any CPU.Build.0 = Release|Any CPU
	EndGlobalSection
	GlobalSection(SolutionProperties) = preSolution
		HideSolutionNode = FALSE
	EndGlobalSection
	GlobalSection(ExtensibilityGlobals) = postSolution
		SolutionGuid = {9AAF832B-D5DA-491B-91BD-325BABEF2444}
	EndGlobalSection
EndGlobal
